
Microsoft Visual Studio Solution File, Format Version 12.00
# Visual Studio 15
VisualStudioVersion = 15.0.28307.705
MinimumVisualStudioVersion = 10.0.40219.1
Project("{9A19103F-16F7-4668-BE54-9A1E7A4F7556}") = "AKSApi", "AKSApi\AKSApi.csproj", "{33A0DD87-432A-4395-B88E-A6A31C15854F}"
EndProject
Project("{9A19103F-16F7-4668-BE54-9A1E7A4F7556}") = "AKSWeb", "AKSWeb\AKSWeb.csproj", "{B5EF741F-EDF2-4581-A4BD-B89B4D4FAA43}"
EndProject
Global
	GlobalSection(SolutionConfigurationPlatforms) = preSolution
		Debug|Any CPU = Debug|Any CPU
		Release|Any CPU = Release|Any CPU
	EndGlobalSection
	GlobalSection(ProjectConfigurationPlatforms) = postSolution
		{33A0DD87-432A-4395-B88E-A6A31C15854F}.Debug|Any CPU.ActiveCfg = Debug|Any CPU
		{33A0DD87-432A-4395-B88E-A6A31C15854F}.Debug|Any CPU.Build.0 = Debug|Any CPU
		{33A0DD87-432A-4395-B88E-A6A31C15854F}.Release|Any CPU.ActiveCfg = Release|Any CPU
		{33A0DD87-432A-4395-B88E-A6A31C15854F}.Release|Any CPU.Build.0 = Release|Any CPU
		{B5EF741F-EDF2-4581-A4BD-B89B4D4FAA43}.Debug|Any CPU.ActiveCfg = Debug|Any CPU
		{B5EF741F-EDF2-4581-A4BD-B89B4D4FAA43}.Debug|Any CPU.Build.0 = Debug|Any CPU
		{B5EF741F-EDF2-4581-A4BD-B89B4D4FAA43}.Release|Any CPU.ActiveCfg = Release|Any CPU
		{B5EF741F-EDF2-4581-A4BD-B89B4D4FAA43}.Release|Any CPU.Build.0 = Release|Any CPU
	EndGlobalSection
	GlobalSection(SolutionProperties) = preSolution
		HideSolutionNode = FALSE
	EndGlobalSection
	GlobalSection(ExtensibilityGlobals) = postSolution
		SolutionGuid = {E20D68E7-6655-449B-B845-D8A8C8CB4298}
	EndGlobalSection
EndGlobal
